// !$*UTF8*$!
{
	archiveVersion = 1;
	classes = {
	};
	objectVersion = 50;
	objects = {

/* Begin PBXBuildFile section */
		18198CA12256124C0036D0AF /* AppDelegate.swift in Sources */ = {isa = PBXBuildFile; fileRef = 18198CA02256124C0036D0AF /* AppDelegate.swift */; };
		18198CA32256124C0036D0AF /* ViewController.swift in Sources */ = {isa = PBXBuildFile; fileRef = 18198CA22256124C0036D0AF /* ViewController.swift */; };
		18198CA62256124C0036D0AF /* Main.storyboard in Resources */ = {isa = PBXBuildFile; fileRef = 18198CA42256124C0036D0AF /* Main.storyboard */; };
		18198CA82256124D0036D0AF /* Assets.xcassets in Resources */ = {isa = PBXBuildFile; fileRef = 18198CA72256124D0036D0AF /* Assets.xcassets */; };
		18198CAB2256124D0036D0AF /* LaunchScreen.storyboard in Resources */ = {isa = PBXBuildFile; fileRef = 18198CA92256124D0036D0AF /* LaunchScreen.storyboard */; };
		18AAD03522785325003AF5A0 /* EUTextView.swift in Sources */ = {isa = PBXBuildFile; fileRef = 18AAD03422785325003AF5A0 /* EUTextView.swift */; };
		9BC048495D5EB552B71FB2E3 /* Pods_EUUIKit.framework in Frameworks */ = {isa = PBXBuildFile; fileRef = 8CB4EFE38766D1AE1450BB08 /* Pods_EUUIKit.framework */; };
/* End PBXBuildFile section */

/* Begin PBXFileReference section */
		18198C9D2256124C0036D0AF /* EUUIKit.app */ = {isa = PBXFileReference; explicitFileType = wrapper.application; includeInIndex = 0; path = EUUIKit.app; sourceTree = BUILT_PRODUCTS_DIR; };
		18198CA02256124C0036D0AF /* AppDelegate.swift */ = {isa = PBXFileReference; lastKnownFileType = sourcecode.swift; path = AppDelegate.swift; sourceTree = "<group>"; };
		18198CA22256124C0036D0AF /* ViewController.swift */ = {isa = PBXFileReference; lastKnownFileType = sourcecode.swift; path = ViewController.swift; sourceTree = "<group>"; };
		18198CA52256124C0036D0AF /* Base */ = {isa = PBXFileReference; lastKnownFileType = file.storyboard; name = Base; path = Base.lproj/Main.storyboard; sourceTree = "<group>"; };
		18198CA72256124D0036D0AF /* Assets.xcassets */ = {isa = PBXFileReference; lastKnownFileType = folder.assetcatalog; path = Assets.xcassets; sourceTree = "<group>"; };
		18198CAA2256124D0036D0AF /* Base */ = {isa = PBXFileReference; lastKnownFileType = file.storyboard; name = Base; path = Base.lproj/LaunchScreen.storyboard; sourceTree = "<group>"; };
		18198CAC2256124D0036D0AF /* Info.plist */ = {isa = PBXFileReference; lastKnownFileType = text.plist.xml; path = Info.plist; sourceTree = "<group>"; };
		18AAD03422785325003AF5A0 /* EUTextView.swift */ = {isa = PBXFileReference; lastKnownFileType = sourcecode.swift; path = EUTextView.swift; sourceTree = "<group>"; };
		8CB4EFE38766D1AE1450BB08 /* Pods_EUUIKit.framework */ = {isa = PBXFileReference; explicitFileType = wrapper.framework; includeInIndex = 0; path = Pods_EUUIKit.framework; sourceTree = BUILT_PRODUCTS_DIR; };
		E4423A6BCBF29F7EDF072DA4 /* Pods-EUUIKit.release.xcconfig */ = {isa = PBXFileReference; includeInIndex = 1; lastKnownFileType = text.xcconfig; name = "Pods-EUUIKit.release.xcconfig"; path = "Target Support Files/Pods-EUUIKit/Pods-EUUIKit.release.xcconfig"; sourceTree = "<group>"; };
		ECC0BC794BF6D3A507FC75EF /* Pods-EUUIKit.debug.xcconfig */ = {isa = PBXFileReference; includeInIndex = 1; lastKnownFileType = text.xcconfig; name = "Pods-EUUIKit.debug.xcconfig"; path = "Target Support Files/Pods-EUUIKit/Pods-EUUIKit.debug.xcconfig"; sourceTree = "<group>"; };
/* End PBXFileReference section */

/* Begin PBXFrameworksBuildPhase section */
		18198C9A2256124C0036D0AF /* Frameworks */ = {
			isa = PBXFrameworksBuildPhase;
			buildActionMask = 2147483647;
			files = (
				9BC048495D5EB552B71FB2E3 /* Pods_EUUIKit.framework in Frameworks */,
			);
			runOnlyForDeploymentPostprocessing = 0;
		};
/* End PBXFrameworksBuildPhase section */

/* Begin PBXGroup section */
		15B7AD50737CAE089EAEB2E1 /* Pods */ = {
			isa = PBXGroup;
			children = (
				ECC0BC794BF6D3A507FC75EF /* Pods-EUUIKit.debug.xcconfig */,
				E4423A6BCBF29F7EDF072DA4 /* Pods-EUUIKit.release.xcconfig */,
			);
			path = Pods;
			sourceTree = "<group>";
		};
		18198C942256124C0036D0AF = {
			isa = PBXGroup;
			children = (
				18198C9F2256124C0036D0AF /* EUUIKit */,
				18198C9E2256124C0036D0AF /* Products */,
				15B7AD50737CAE089EAEB2E1 /* Pods */,
				6EA2CFE3B8DB4173C8290E82 /* Frameworks */,
			);
			sourceTree = "<group>";
		};
		18198C9E2256124C0036D0AF /* Products */ = {
			isa = PBXGroup;
			children = (
				18198C9D2256124C0036D0AF /* EUUIKit.app */,
			);
			name = Products;
			sourceTree = "<group>";
		};
		18198C9F2256124C0036D0AF /* EUUIKit */ = {
			isa = PBXGroup;
			children = (
				18198CA02256124C0036D0AF /* AppDelegate.swift */,
				18198CA22256124C0036D0AF /* ViewController.swift */,
				18198CA42256124C0036D0AF /* Main.storyboard */,
				18AAD03322785301003AF5A0 /* TextField */,
				18AAD032227852F3003AF5A0 /* TextView */,
				18198CB2225612620036D0AF /* Supporting Files */,
			);
			path = EUUIKit;
			sourceTree = "<group>";
		};
		18198CB2225612620036D0AF /* Supporting Files */ = {
			isa = PBXGroup;
			children = (
				18198CA72256124D0036D0AF /* Assets.xcassets */,
				18198CA92256124D0036D0AF /* LaunchScreen.storyboard */,
				18198CAC2256124D0036D0AF /* Info.plist */,
			);
			path = "Supporting Files";
			sourceTree = "<group>";
		};
		18AAD032227852F3003AF5A0 /* TextView */ = {
			isa = PBXGroup;
			children = (
				18AAD03422785325003AF5A0 /* EUTextView.swift */,
			);
			path = TextView;
			sourceTree = "<group>";
		};
		18AAD03322785301003AF5A0 /* TextField */ = {
			isa = PBXGroup;
			children = (
			);
			path = TextField;
			sourceTree = "<group>";
		};
		6EA2CFE3B8DB4173C8290E82 /* Frameworks */ = {
			isa = PBXGroup;
			children = (
				8CB4EFE38766D1AE1450BB08 /* Pods_EUUIKit.framework */,
			);
			name = Frameworks;
			sourceTree = "<group>";
		};
/* End PBXGroup section */

/* Begin PBXNativeTarget section */
		18198C9C2256124C0036D0AF /* EUUIKit */ = {
			isa = PBXNativeTarget;
			buildConfigurationList = 18198CAF2256124D0036D0AF /* Build configuration list for PBXNativeTarget "EUUIKit" */;
			buildPhases = (
				076A0E552ECB4D998EB0C15E /* [CP] Check Pods Manifest.lock */,
				18198C992256124C0036D0AF /* Sources */,
				18198C9A2256124C0036D0AF /* Frameworks */,
				18198C9B2256124C0036D0AF /* Resources */,
				D15EA3D9E55B619B7ED32A66 /* [CP] Embed Pods Frameworks */,
			);
			buildRules = (
			);
			dependencies = (
			);
			name = EUUIKit;
			productName = EUUIKit;
			productReference = 18198C9D2256124C0036D0AF /* EUUIKit.app */;
			productType = "com.apple.product-type.application";
		};
/* End PBXNativeTarget section */

/* Begin PBXProject section */
		18198C952256124C0036D0AF /* Project object */ = {
			isa = PBXProject;
			attributes = {
				LastSwiftUpdateCheck = 1020;
				LastUpgradeCheck = 1020;
				ORGANIZATIONNAME = Harlans;
				TargetAttributes = {
					18198C9C2256124C0036D0AF = {
						CreatedOnToolsVersion = 10.2;
					};
				};
			};
			buildConfigurationList = 18198C982256124C0036D0AF /* Build configuration list for PBXProject "EUUIKit" */;
			compatibilityVersion = "Xcode 9.3";
			developmentRegion = en;
			hasScannedForEncodings = 0;
			knownRegions = (
				en,
				Base,
			);
			mainGroup = 18198C942256124C0036D0AF;
			productRefGroup = 18198C9E2256124C0036D0AF /* Products */;
			projectDirPath = "";
			projectRoot = "";
			targets = (
				18198C9C2256124C0036D0AF /* EUUIKit */,
			);
		};
/* End PBXProject section */

/* Begin PBXResourcesBuildPhase section */
		18198C9B2256124C0036D0AF /* Resources */ = {
			isa = PBXResourcesBuildPhase;
			buildActionMask = 2147483647;
			files = (
				18198CAB2256124D0036D0AF /* LaunchScreen.storyboard in Resources */,
				18198CA82256124D0036D0AF /* Assets.xcassets in Resources */,
				18198CA62256124C0036D0AF /* Main.storyboard in Resources */,
			);
			runOnlyForDeploymentPostprocessing = 0;
		};
/* End PBXResourcesBuildPhase section */

/* Begin PBXShellScriptBuildPhase section */
		076A0E552ECB4D998EB0C15E /* [CP] Check Pods Manifest.lock */ = {
			isa = PBXShellScriptBuildPhase;
			buildActionMask = 2147483647;
			files = (
			);
			inputFileListPaths = (
			);
			inputPaths = (
				"${PODS_PODFILE_DIR_PATH}/Podfile.lock",
				"${PODS_ROOT}/Manifest.lock",
			);
			name = "[CP] Check Pods Manifest.lock";
			outputFileListPaths = (
			);
			outputPaths = (
				"$(DERIVED_FILE_DIR)/Pods-EUUIKit-checkManifestLockResult.txt",
			);
			runOnlyForDeploymentPostprocessing = 0;
			shellPath = /bin/sh;
			shellScript = "diff \"${PODS_PODFILE_DIR_PATH}/Podfile.lock\" \"${PODS_ROOT}/Manifest.lock\" > /dev/null\nif [ $? != 0 ] ; then\n    # print error to STDERR\n    echo \"error: The sandbox is not in sync with the Podfile.lock. Run 'pod install' or update your CocoaPods installation.\" >&2\n    exit 1\nfi\n# This output is used by Xcode 'outputs' to avoid re-running this script phase.\necho \"SUCCESS\" > \"${SCRIPT_OUTPUT_FILE_0}\"\n";
			showEnvVarsInLog = 0;
		};
		D15EA3D9E55B619B7ED32A66 /* [CP] Embed Pods Frameworks */ = {
			isa = PBXShellScriptBuildPhase;
			buildActionMask = 2147483647;
			files = (
			);
			inputFileListPaths = (
			);
			inputPaths = (
				"${PODS_ROOT}/Target Support Files/Pods-EUUIKit/Pods-EUUIKit-frameworks.sh",
				"${BUILT_PRODUCTS_DIR}/SnapKit/SnapKit.framework",
			);
			name = "[CP] Embed Pods Frameworks";
			outputFileListPaths = (
			);
			outputPaths = (
				"${TARGET_BUILD_DIR}/${FRAMEWORKS_FOLDER_PATH}/SnapKit.framework",
			);
			runOnlyForDeploymentPostprocessing = 0;
			shellPath = /bin/sh;
			shellScript = "\"${PODS_ROOT}/Target Support Files/Pods-EUUIKit/Pods-EUUIKit-frameworks.sh\"\n";
			showEnvVarsInLog = 0;
		};
/* End PBXShellScriptBuildPhase section */

/* Begin PBXSourcesBuildPhase section */
		18198C992256124C0036D0AF /* Sources */ = {
			isa = PBXSourcesBuildPhase;
			buildActionMask = 2147483647;
			files = (
				18AAD03522785325003AF5A0 /* EUTextView.swift in Sources */,
				18198CA32256124C0036D0AF /* ViewController.swift in Sources */,
				18198CA12256124C0036D0AF /* AppDelegate.swift in Sources */,
			);
			runOnlyForDeploymentPostprocessing = 0;
		};
/* End PBXSourcesBuildPhase section */

/* Begin PBXVariantGroup section */
		18198CA42256124C0036D0AF /* Main.storyboard */ = {
			isa = PBXVariantGroup;
			children = (
				18198CA52256124C0036D0AF /* Base */,
			);
			name = Main.storyboard;
			sourceTree = "<group>";
		};
		18198CA92256124D0036D0AF /* LaunchScreen.storyboard */ = {
			isa = PBXVariantGroup;
			children = (
				18198CAA2256124D0036D0AF /* Base */,
			);
			name = LaunchScreen.storyboard;
			sourceTree = "<group>";
		};
/* End PBXVariantGroup section */

/* Begin XCBuildConfiguration section */
		18198CAD2256124D0036D0AF /* Debug */ = {
			isa = XCBuildConfiguration;
			buildSettings = {
				ALWAYS_SEARCH_USER_PATHS = NO;
				CLANG_ANALYZER_NONNULL = YES;
				CLANG_ANALYZER_NUMBER_OBJECT_CONVERSION = YES_AGGRESSIVE;
				CLANG_CXX_LANGUAGE_STANDARD = "gnu++14";
				CLANG_CXX_LIBRARY = "libc++";
				CLANG_ENABLE_MODULES = YES;
				CLANG_ENABLE_OBJC_ARC = YES;
				CLANG_ENABLE_OBJC_WEAK = YES;
				CLANG_WARN_BLOCK_CAPTURE_AUTORELEASING = YES;
				CLANG_WARN_BOOL_CONVERSION = YES;
				CLANG_WARN_COMMA = YES;
				CLANG_WARN_CONSTANT_CONVERSION = YES;
				CLANG_WARN_DEPRECATED_OBJC_IMPLEMENTATIONS = YES;
				CLANG_WARN_DIRECT_OBJC_ISA_USAGE = YES_ERROR;
				CLANG_WARN_DOCUMENTATION_COMMENTS = YES;
				CLANG_WARN_EMPTY_BODY = YES;
				CLANG_WARN_ENUM_CONVERSION = YES;
				CLANG_WARN_INFINITE_RECURSION = YES;
				CLANG_WARN_INT_CONVERSION = YES;
				CLANG_WARN_NON_LITERAL_NULL_CONVERSION = YES;
				CLANG_WARN_OBJC_IMPLICIT_RETAIN_SELF = YES;
				CLANG_WARN_OBJC_LITERAL_CONVERSION = YES;
				CLANG_WARN_OBJC_ROOT_CLASS = YES_ERROR;
				CLANG_WARN_RANGE_LOOP_ANALYSIS = YES;
				CLANG_WARN_STRICT_PROTOTYPES = YES;
				CLANG_WARN_SUSPICIOUS_MOVE = YES;
				CLANG_WARN_UNGUARDED_AVAILABILITY = YES_AGGRESSIVE;
				CLANG_WARN_UNREACHABLE_CODE = YES;
				CLANG_WARN__DUPLICATE_METHOD_MATCH = YES;
				CODE_SIGN_IDENTITY = "iPhone Developer";
				COPY_PHASE_STRIP = NO;
				DEBUG_INFORMATION_FORMAT = dwarf;
				ENABLE_STRICT_OBJC_MSGSEND = YES;
				ENABLE_TESTABILITY = YES;
				GCC_C_LANGUAGE_STANDARD = gnu11;
				GCC_DYNAMIC_NO_PIC = NO;
				GCC_NO_COMMON_BLOCKS = YES;
				GCC_OPTIMIZATION_LEVEL = 0;
				GCC_PREPROCESSOR_DEFINITIONS = (
					"DEBUG=1",
					"$(inherited)",
				);
				GCC_WARN_64_TO_32_BIT_CONVERSION = YES;
				GCC_WARN_ABOUT_RETURN_TYPE = YES_ERROR;
				GCC_WARN_UNDECLARED_SELECTOR = YES;
				GCC_WARN_UNINITIALIZED_AUTOS = YES_AGGRESSIVE;
				GCC_WARN_UNUSED_FUNCTION = YES;
				GCC_WARN_UNUSED_VARIABLE = YES;
				IPHONEOS_DEPLOYMENT_TARGET = 12.2;
				MTL_ENABLE_DEBUG_INFO = INCLUDE_SOURCE;
				MTL_FAST_MATH = YES;
				ONLY_ACTIVE_ARCH = YES;
				SDKROOT = iphoneos;
				SWIFT_ACTIVE_COMPILATION_CONDITIONS = DEBUG;
				SWIFT_OPTIMIZATION_LEVEL = "-Onone";
			};
			name = Debug;
		};
		18198CAE2256124D0036D0AF /* Release */ = {
			isa = XCBuildConfiguration;
			buildSettings = {
				ALWAYS_SEARCH_USER_PATHS = NO;
				CLANG_ANALYZER_NONNULL = YES;
				CLANG_ANALYZER_NUMBER_OBJECT_CONVERSION = YES_AGGRESSIVE;
				CLANG_CXX_LANGUAGE_STANDARD = "gnu++14";
				CLANG_CXX_LIBRARY = "libc++";
				CLANG_ENABLE_MODULES = YES;
				CLANG_ENABLE_OBJC_ARC = YES;
				CLANG_ENABLE_OBJC_WEAK = YES;
				CLANG_WARN_BLOCK_CAPTURE_AUTORELEASING = YES;
				CLANG_WARN_BOOL_CONVERSION = YES;
				CLANG_WARN_COMMA = YES;
				CLANG_WARN_CONSTANT_CONVERSION = YES;
				CLANG_WARN_DEPRECATED_OBJC_IMPLEMENTATIONS = YES;
				CLANG_WARN_DIRECT_OBJC_ISA_USAGE = YES_ERROR;
				CLANG_WARN_DOCUMENTATION_COMMENTS = YES;
				CLANG_WARN_EMPTY_BODY = YES;
				CLANG_WARN_ENUM_CONVERSION = YES;
				CLANG_WARN_INFINITE_RECURSION = YES;
				CLANG_WARN_INT_CONVERSION = YES;
				CLANG_WARN_NON_LITERAL_NULL_CONVERSION = YES;
				CLANG_WARN_OBJC_IMPLICIT_RETAIN_SELF = YES;
				CLANG_WARN_OBJC_LITERAL_CONVERSION = YES;
				CLANG_WARN_OBJC_ROOT_CLASS = YES_ERROR;
				CLANG_WARN_RANGE_LOOP_ANALYSIS = YES;
				CLANG_WARN_STRICT_PROTOTYPES = YES;
				CLANG_WARN_SUSPICIOUS_MOVE = YES;
				CLANG_WARN_UNGUARDED_AVAILABILITY = YES_AGGRESSIVE;
				CLANG_WARN_UNREACHABLE_CODE = YES;
				CLANG_WARN__DUPLICATE_METHOD_MATCH = YES;
				CODE_SIGN_IDENTITY = "iPhone Developer";
				COPY_PHASE_STRIP = NO;
				DEBUG_INFORMATION_FORMAT = "dwarf-with-dsym";
				ENABLE_NS_ASSERTIONS = NO;
				ENABLE_STRICT_OBJC_MSGSEND = YES;
				GCC_C_LANGUAGE_STANDARD = gnu11;
				GCC_NO_COMMON_BLOCKS = YES;
				GCC_WARN_64_TO_32_BIT_CONVERSION = YES;
				GCC_WARN_ABOUT_RETURN_TYPE = YES_ERROR;
				GCC_WARN_UNDECLARED_SELECTOR = YES;
				GCC_WARN_UNINITIALIZED_AUTOS = YES_AGGRESSIVE;
				GCC_WARN_UNUSED_FUNCTION = YES;
				GCC_WARN_UNUSED_VARIABLE = YES;
				IPHONEOS_DEPLOYMENT_TARGET = 12.2;
				MTL_ENABLE_DEBUG_INFO = NO;
				MTL_FAST_MATH = YES;
				SDKROOT = iphoneos;
				SWIFT_COMPILATION_MODE = wholemodule;
				SWIFT_OPTIMIZATION_LEVEL = "-O";
				VALIDATE_PRODUCT = YES;
			};
			name = Release;
		};
		18198CB02256124D0036D0AF /* Debug */ = {
			isa = XCBuildConfiguration;
			baseConfigurationReference = ECC0BC794BF6D3A507FC75EF /* Pods-EUUIKit.debug.xcconfig */;
			buildSettings = {
				ASSETCATALOG_COMPILER_APPICON_NAME = AppIcon;
				CODE_SIGN_STYLE = Automatic;
				DEVELOPMENT_TEAM = 93GTM3628L;
				INFOPLIST_FILE = "$(SRCROOT)/EUUIKit/Supporting Files/Info.plist";
				LD_RUNPATH_SEARCH_PATHS = (
					"$(inherited)",
					"@executable_path/Frameworks",
				);
				PRODUCT_BUNDLE_IDENTIFIER = com.ssoother.EUUIKit;
				PRODUCT_NAME = "$(TARGET_NAME)";
				SWIFT_VERSION = 5.0;
				TARGETED_DEVICE_FAMILY = "1,2";
			};
			name = Debug;
		};
		18198CB12256124D0036D0AF /* Release */ = {
			isa = XCBuildConfiguration;
			baseConfigurationReference = E4423A6BCBF29F7EDF072DA4 /* Pods-EUUIKit.release.xcconfig */;
			buildSettings = {
				ASSETCATALOG_COMPILER_APPICON_NAME = AppIcon;
				CODE_SIGN_STYLE = Automatic;
				DEVELOPMENT_TEAM = 93GTM3628L;
				INFOPLIST_FILE = "$(SRCROOT)/EUUIKit/Supporting Files/Info.plist";
				LD_RUNPATH_SEARCH_PATHS = (
					"$(inherited)",
					"@executable_path/Frameworks",
				);
				PRODUCT_BUNDLE_IDENTIFIER = com.ssoother.EUUIKit;
				PRODUCT_NAME = "$(TARGET_NAME)";
				SWIFT_VERSION = 5.0;
				TARGETED_DEVICE_FAMILY = "1,2";
			};
			name = Release;
		};
/* End XCBuildConfiguration section */

/* Begin XCConfigurationList section */
		18198C982256124C0036D0AF /* Build configuration list for PBXProject "EUUIKit" */ = {
			isa = XCConfigurationList;
			buildConfigurations = (
				18198CAD2256124D0036D0AF /* Debug */,
				18198CAE2256124D0036D0AF /* Release */,
			);
			defaultConfigurationIsVisible = 0;
			defaultConfigurationName = Release;
		};
		18198CAF2256124D0036D0AF /* Build configuration list for PBXNativeTarget "EUUIKit" */ = {
			isa = XCConfigurationList;
			buildConfigurations = (
				18198CB02256124D0036D0AF /* Debug */,
				18198CB12256124D0036D0AF /* Release */,
			);
			defaultConfigurationIsVisible = 0;
			defaultConfigurationName = Release;
		};
/* End XCConfigurationList section */
	};
	rootObject = 18198C952256124C0036D0AF /* Project object */;
}
